<?xml version="1.0" encoding="UTF-8" standalone="yes" ?>
<CodeBlocks_project_file>
	<FileVersion major="1" minor="6" />
	<Project>
		<Option title="app" />
		<Option pch_mode="2" />
		<Option compiler="gcc" />
		<Build>
			<Target title="Release">
				<Option output="bin/Release/app" prefix_auto="1" extension_auto="1" />
				<Option object_output="obj/Release/" />
				<Option type="1" />
				<Option compiler="gcc" />
				<Compiler>
					<Add option="-O2" />
				</Compiler>
				<Linker>
					<Add option="-s" />
				</Linker>
			</Target>
		</Build>
		<Compiler>
			<Add option="-Wall" />
		</Compiler>
		<Unit filename="src/cliente.c">
			<Option compilerVar="CC" />
		</Unit>
		<Unit filename="src/cliente.h" />
		<Unit filename="src/cometTech.c">
			<Option compilerVar="CC" />
		</Unit>
		<Unit filename="src/erros.c">
			<Option compilerVar="CC" />
		</Unit>
		<Unit filename="src/erros.h" />
		<Unit filename="src/funcionario.c">
			<Option compilerVar="CC" />
		</Unit>
		<Unit filename="src/funcionario.h" />
		<Unit filename="src/funcionario_login.c">
			<Option compilerVar="CC" />
		</Unit>
		<Unit filename="src/funcionario_login.h" />
		<Unit filename="src/libs.h" />
		<Unit filename="src/login.c">
			<Option compilerVar="CC" />
		</Unit>
		<Unit filename="src/login.h" />
		<Unit filename="src/menu.c">
			<Option compilerVar="CC" />
		</Unit>
		<Unit filename="src/menu.h" />
		<Unit filename="src/produto.c">
			<Option compilerVar="CC" />
		</Unit>
		<Unit filename="src/produto.h" />
		<Unit filename="src/produtoMensagem.c">
			<Option compilerVar="CC" />
		</Unit>
		<Unit filename="src/produtoMensagem.h" />
		<Unit filename="src/submenu.c">
			<Option compilerVar="CC" />
		</Unit>
		<Unit filename="src/submenu.h" />
		<Unit filename="src/submenu_gerencia.c">
			<Option compilerVar="CC" />
		</Unit>
		<Unit filename="src/submenu_gerencia.h" />
		<Extensions>
			<lib_finder disable_auto="1" />
		</Extensions>
	</Project>
</CodeBlocks_project_file>
